// !$*UTF8*$!
{
	archiveVersion = 1;
	classes = {
	};
	objectVersion = 55;
	objects = {

/* Begin PBXBuildFile section */
		D8A992D228BD816000ADF8E7 /* AppDelegate.swift in Sources */ = {isa = PBXBuildFile; fileRef = D8A992D128BD816000ADF8E7 /* AppDelegate.swift */; };
		D8A992D428BD816000ADF8E7 /* SceneDelegate.swift in Sources */ = {isa = PBXBuildFile; fileRef = D8A992D328BD816000ADF8E7 /* SceneDelegate.swift */; };
		D8A992D628BD816000ADF8E7 /* ViewController.swift in Sources */ = {isa = PBXBuildFile; fileRef = D8A992D528BD816000ADF8E7 /* ViewController.swift */; };
		D8A992D928BD816000ADF8E7 /* Main.storyboard in Resources */ = {isa = PBXBuildFile; fileRef = D8A992D728BD816000ADF8E7 /* Main.storyboard */; };
		D8A992DB28BD816200ADF8E7 /* Assets.xcassets in Resources */ = {isa = PBXBuildFile; fileRef = D8A992DA28BD816200ADF8E7 /* Assets.xcassets */; };
		D8A992DE28BD816200ADF8E7 /* LaunchScreen.storyboard in Resources */ = {isa = PBXBuildFile; fileRef = D8A992DC28BD816200ADF8E7 /* LaunchScreen.storyboard */; };
		D8A992EC28BD84C300ADF8E7 /* SnapKit in Frameworks */ = {isa = PBXBuildFile; productRef = D8A992EB28BD84C300ADF8E7 /* SnapKit */; };
/* End PBXBuildFile section */

/* Begin PBXFileReference section */
		D8A992CE28BD816000ADF8E7 /* iOS7-HW12.app */ = {isa = PBXFileReference; explicitFileType = wrapper.application; includeInIndex = 0; path = "iOS7-HW12.app"; sourceTree = BUILT_PRODUCTS_DIR; };
		D8A992D128BD816000ADF8E7 /* AppDelegate.swift */ = {isa = PBXFileReference; lastKnownFileType = sourcecode.swift; path = AppDelegate.swift; sourceTree = "<group>"; };
		D8A992D328BD816000ADF8E7 /* SceneDelegate.swift */ = {isa = PBXFileReference; lastKnownFileType = sourcecode.swift; path = SceneDelegate.swift; sourceTree = "<group>"; };
		D8A992D528BD816000ADF8E7 /* ViewController.swift */ = {isa = PBXFileReference; lastKnownFileType = sourcecode.swift; path = ViewController.swift; sourceTree = "<group>"; };
		D8A992D828BD816000ADF8E7 /* Base */ = {isa = PBXFileReference; lastKnownFileType = file.storyboard; name = Base; path = Base.lproj/Main.storyboard; sourceTree = "<group>"; };
		D8A992DA28BD816200ADF8E7 /* Assets.xcassets */ = {isa = PBXFileReference; lastKnownFileType = folder.assetcatalog; path = Assets.xcassets; sourceTree = "<group>"; };
		D8A992DD28BD816200ADF8E7 /* Base */ = {isa = PBXFileReference; lastKnownFileType = file.storyboard; name = Base; path = Base.lproj/LaunchScreen.storyboard; sourceTree = "<group>"; };
		D8A992DF28BD816200ADF8E7 /* Info.plist */ = {isa = PBXFileReference; lastKnownFileType = text.plist.xml; path = Info.plist; sourceTree = "<group>"; };
/* End PBXFileReference section */

/* Begin PBXFrameworksBuildPhase section */
		D8A992CB28BD816000ADF8E7 /* Frameworks */ = {
			isa = PBXFrameworksBuildPhase;
			buildActionMask = 2147483647;
			files = (
				D8A992EC28BD84C300ADF8E7 /* SnapKit in Frameworks */,
			);
			runOnlyForDeploymentPostprocessing = 0;
		};
/* End PBXFrameworksBuildPhase section */

/* Begin PBXGroup section */
		D8A992C528BD816000ADF8E7 = {
			isa = PBXGroup;
			children = (
				D8A992D028BD816000ADF8E7 /* iOS7-HW12 */,
				D8A992CF28BD816000ADF8E7 /* Products */,
			);
			sourceTree = "<group>";
		};
		D8A992CF28BD816000ADF8E7 /* Products */ = {
			isa = PBXGroup;
			children = (
				D8A992CE28BD816000ADF8E7 /* iOS7-HW12.app */,
			);
			name = Products;
			sourceTree = "<group>";
		};
		D8A992D028BD816000ADF8E7 /* iOS7-HW12 */ = {
			isa = PBXGroup;
			children = (
				D8A992E528BD83F100ADF8E7 /* Resources */,
				D8A992E628BD83FB00ADF8E7 /* Sources */,
			);
			path = "iOS7-HW12";
			sourceTree = "<group>";
		};
		D8A992E528BD83F100ADF8E7 /* Resources */ = {
			isa = PBXGroup;
			children = (
				D8A992DA28BD816200ADF8E7 /* Assets.xcassets */,
				D8A992E928BD844800ADF8E7 /* Configuration */,
			);
			path = Resources;
			sourceTree = "<group>";
		};
		D8A992E628BD83FB00ADF8E7 /* Sources */ = {
			isa = PBXGroup;
			children = (
				D8A992E828BD842C00ADF8E7 /* App */,
				D8A992E728BD841700ADF8E7 /* Storyboards */,
			);
			path = Sources;
			sourceTree = "<group>";
		};
		D8A992E728BD841700ADF8E7 /* Storyboards */ = {
			isa = PBXGroup;
			children = (
				D8A992DC28BD816200ADF8E7 /* LaunchScreen.storyboard */,
				D8A992D728BD816000ADF8E7 /* Main.storyboard */,
			);
			path = Storyboards;
			sourceTree = "<group>";
		};
		D8A992E828BD842C00ADF8E7 /* App */ = {
			isa = PBXGroup;
			children = (
				D8A992D128BD816000ADF8E7 /* AppDelegate.swift */,
				D8A992D328BD816000ADF8E7 /* SceneDelegate.swift */,
				D8A992D528BD816000ADF8E7 /* ViewController.swift */,
			);
			path = App;
			sourceTree = "<group>";
		};
		D8A992E928BD844800ADF8E7 /* Configuration */ = {
			isa = PBXGroup;
			children = (
				D8A992DF28BD816200ADF8E7 /* Info.plist */,
			);
			path = Configuration;
			sourceTree = "<group>";
		};
/* End PBXGroup section */

/* Begin PBXNativeTarget section */
		D8A992CD28BD816000ADF8E7 /* iOS7-HW12 */ = {
			isa = PBXNativeTarget;
			buildConfigurationList = D8A992E228BD816200ADF8E7 /* Build configuration list for PBXNativeTarget "iOS7-HW12" */;
			buildPhases = (
				D8A992CA28BD816000ADF8E7 /* Sources */,
				D8A992CB28BD816000ADF8E7 /* Frameworks */,
				D8A992CC28BD816000ADF8E7 /* Resources */,
			);
			buildRules = (
			);
			dependencies = (
			);
			name = "iOS7-HW12";
			packageProductDependencies = (
				D8A992EB28BD84C300ADF8E7 /* SnapKit */,
			);
			productName = "iOS7-HW12";
			productReference = D8A992CE28BD816000ADF8E7 /* iOS7-HW12.app */;
			productType = "com.apple.product-type.application";
		};
/* End PBXNativeTarget section */

/* Begin PBXProject section */
		D8A992C628BD816000ADF8E7 /* Project object */ = {
			isa = PBXProject;
			attributes = {
				BuildIndependentTargetsInParallel = 1;
				LastSwiftUpdateCheck = 1340;
				LastUpgradeCheck = 1340;
				TargetAttributes = {
					D8A992CD28BD816000ADF8E7 = {
						CreatedOnToolsVersion = 13.4.1;
					};
				};
			};
			buildConfigurationList = D8A992C928BD816000ADF8E7 /* Build configuration list for PBXProject "iOS7-HW12" */;
			compatibilityVersion = "Xcode 13.0";
			developmentRegion = en;
			hasScannedForEncodings = 0;
			knownRegions = (
				en,
				Base,
			);
			mainGroup = D8A992C528BD816000ADF8E7;
			packageReferences = (
				D8A992EA28BD84C300ADF8E7 /* XCRemoteSwiftPackageReference "SnapKit" */,
			);
			productRefGroup = D8A992CF28BD816000ADF8E7 /* Products */;
			projectDirPath = "";
			projectRoot = "";
			targets = (
				D8A992CD28BD816000ADF8E7 /* iOS7-HW12 */,
			);
		};
/* End PBXProject section */

/* Begin PBXResourcesBuildPhase section */
		D8A992CC28BD816000ADF8E7 /* Resources */ = {
			isa = PBXResourcesBuildPhase;
			buildActionMask = 2147483647;
			files = (
				D8A992DE28BD816200ADF8E7 /* LaunchScreen.storyboard in Resources */,
				D8A992DB28BD816200ADF8E7 /* Assets.xcassets in Resources */,
				D8A992D928BD816000ADF8E7 /* Main.storyboard in Resources */,
			);
			runOnlyForDeploymentPostprocessing = 0;
		};
/* End PBXResourcesBuildPhase section */

/* Begin PBXSourcesBuildPhase section */
		D8A992CA28BD816000ADF8E7 /* Sources */ = {
			isa = PBXSourcesBuildPhase;
			buildActionMask = 2147483647;
			files = (
				D8A992D628BD816000ADF8E7 /* ViewController.swift in Sources */,
				D8A992D228BD816000ADF8E7 /* AppDelegate.swift in Sources */,
				D8A992D428BD816000ADF8E7 /* SceneDelegate.swift in Sources */,
			);
			runOnlyForDeploymentPostprocessing = 0;
		};
/* End PBXSourcesBuildPhase section */

/* Begin PBXVariantGroup section */
		D8A992D728BD816000ADF8E7 /* Main.storyboard */ = {
			isa = PBXVariantGroup;
			children = (
				D8A992D828BD816000ADF8E7 /* Base */,
			);
			name = Main.storyboard;
			sourceTree = "<group>";
		};
		D8A992DC28BD816200ADF8E7 /* LaunchScreen.storyboard */ = {
			isa = PBXVariantGroup;
			children = (
				D8A992DD28BD816200ADF8E7 /* Base */,
			);
			name = LaunchScreen.storyboard;
			sourceTree = "<group>";
		};
/* End PBXVariantGroup section */

/* Begin XCBuildConfiguration section */
		D8A992E028BD816200ADF8E7 /* Debug */ = {
			isa = XCBuildConfiguration;
			buildSettings = {
				ALWAYS_SEARCH_USER_PATHS = NO;
				CLANG_ANALYZER_NONNULL = YES;
				CLANG_ANALYZER_NUMBER_OBJECT_CONVERSION = YES_AGGRESSIVE;
				CLANG_CXX_LANGUAGE_STANDARD = "gnu++17";
				CLANG_ENABLE_MODULES = YES;
				CLANG_ENABLE_OBJC_ARC = YES;
				CLANG_ENABLE_OBJC_WEAK = YES;
				CLANG_WARN_BLOCK_CAPTURE_AUTORELEASING = YES;
				CLANG_WARN_BOOL_CONVERSION = YES;
				CLANG_WARN_COMMA = YES;
				CLANG_WARN_CONSTANT_CONVERSION = YES;
				CLANG_WARN_DEPRECATED_OBJC_IMPLEMENTATIONS = YES;
				CLANG_WARN_DIRECT_OBJC_ISA_USAGE = YES_ERROR;
				CLANG_WARN_DOCUMENTATION_COMMENTS = YES;
				CLANG_WARN_EMPTY_BODY = YES;
				CLANG_WARN_ENUM_CONVERSION = YES;
				CLANG_WARN_INFINITE_RECURSION = YES;
				CLANG_WARN_INT_CONVERSION = YES;
				CLANG_WARN_NON_LITERAL_NULL_CONVERSION = YES;
				CLANG_WARN_OBJC_IMPLICIT_RETAIN_SELF = YES;
				CLANG_WARN_OBJC_LITERAL_CONVERSION = YES;
				CLANG_WARN_OBJC_ROOT_CLASS = YES_ERROR;
				CLANG_WARN_QUOTED_INCLUDE_IN_FRAMEWORK_HEADER = YES;
				CLANG_WARN_RANGE_LOOP_ANALYSIS = YES;
				CLANG_WARN_STRICT_PROTOTYPES = YES;
				CLANG_WARN_SUSPICIOUS_MOVE = YES;
				CLANG_WARN_UNGUARDED_AVAILABILITY = YES_AGGRESSIVE;
				CLANG_WARN_UNREACHABLE_CODE = YES;
				CLANG_WARN__DUPLICATE_METHOD_MATCH = YES;
				COPY_PHASE_STRIP = NO;
				DEBUG_INFORMATION_FORMAT = dwarf;
				ENABLE_STRICT_OBJC_MSGSEND = YES;
				ENABLE_TESTABILITY = YES;
				GCC_C_LANGUAGE_STANDARD = gnu11;
				GCC_DYNAMIC_NO_PIC = NO;
				GCC_NO_COMMON_BLOCKS = YES;
				GCC_OPTIMIZATION_LEVEL = 0;
				GCC_PREPROCESSOR_DEFINITIONS = (
					"DEBUG=1",
					"$(inherited)",
				);
				GCC_WARN_64_TO_32_BIT_CONVERSION = YES;
				GCC_WARN_ABOUT_RETURN_TYPE = YES_ERROR;
				GCC_WARN_UNDECLARED_SELECTOR = YES;
				GCC_WARN_UNINITIALIZED_AUTOS = YES_AGGRESSIVE;
				GCC_WARN_UNUSED_FUNCTION = YES;
				GCC_WARN_UNUSED_VARIABLE = YES;
				IPHONEOS_DEPLOYMENT_TARGET = 15.5;
				MTL_ENABLE_DEBUG_INFO = INCLUDE_SOURCE;
				MTL_FAST_MATH = YES;
				ONLY_ACTIVE_ARCH = YES;
				SDKROOT = iphoneos;
				SWIFT_ACTIVE_COMPILATION_CONDITIONS = DEBUG;
				SWIFT_OPTIMIZATION_LEVEL = "-Onone";
			};
			name = Debug;
		};
		D8A992E128BD816200ADF8E7 /* Release */ = {
			isa = XCBuildConfiguration;
			buildSettings = {
				ALWAYS_SEARCH_USER_PATHS = NO;
				CLANG_ANALYZER_NONNULL = YES;
				CLANG_ANALYZER_NUMBER_OBJECT_CONVERSION = YES_AGGRESSIVE;
				CLANG_CXX_LANGUAGE_STANDARD = "gnu++17";
				CLANG_ENABLE_MODULES = YES;
				CLANG_ENABLE_OBJC_ARC = YES;
				CLANG_ENABLE_OBJC_WEAK = YES;
				CLANG_WARN_BLOCK_CAPTURE_AUTORELEASING = YES;
				CLANG_WARN_BOOL_CONVERSION = YES;
				CLANG_WARN_COMMA = YES;
				CLANG_WARN_CONSTANT_CONVERSION = YES;
				CLANG_WARN_DEPRECATED_OBJC_IMPLEMENTATIONS = YES;
				CLANG_WARN_DIRECT_OBJC_ISA_USAGE = YES_ERROR;
				CLANG_WARN_DOCUMENTATION_COMMENTS = YES;
				CLANG_WARN_EMPTY_BODY = YES;
				CLANG_WARN_ENUM_CONVERSION = YES;
				CLANG_WARN_INFINITE_RECURSION = YES;
				CLANG_WARN_INT_CONVERSION = YES;
				CLANG_WARN_NON_LITERAL_NULL_CONVERSION = YES;
				CLANG_WARN_OBJC_IMPLICIT_RETAIN_SELF = YES;
				CLANG_WARN_OBJC_LITERAL_CONVERSION = YES;
				CLANG_WARN_OBJC_ROOT_CLASS = YES_ERROR;
				CLANG_WARN_QUOTED_INCLUDE_IN_FRAMEWORK_HEADER = YES;
				CLANG_WARN_RANGE_LOOP_ANALYSIS = YES;
				CLANG_WARN_STRICT_PROTOTYPES = YES;
				CLANG_WARN_SUSPICIOUS_MOVE = YES;
				CLANG_WARN_UNGUARDED_AVAILABILITY = YES_AGGRESSIVE;
				CLANG_WARN_UNREACHABLE_CODE = YES;
				CLANG_WARN__DUPLICATE_METHOD_MATCH = YES;
				COPY_PHASE_STRIP = NO;
				DEBUG_INFORMATION_FORMAT = "dwarf-with-dsym";
				ENABLE_NS_ASSERTIONS = NO;
				ENABLE_STRICT_OBJC_MSGSEND = YES;
				GCC_C_LANGUAGE_STANDARD = gnu11;
				GCC_NO_COMMON_BLOCKS = YES;
				GCC_WARN_64_TO_32_BIT_CONVERSION = YES;
				GCC_WARN_ABOUT_RETURN_TYPE = YES_ERROR;
				GCC_WARN_UNDECLARED_SELECTOR = YES;
				GCC_WARN_UNINITIALIZED_AUTOS = YES_AGGRESSIVE;
				GCC_WARN_UNUSED_FUNCTION = YES;
				GCC_WARN_UNUSED_VARIABLE = YES;
				IPHONEOS_DEPLOYMENT_TARGET = 15.5;
				MTL_ENABLE_DEBUG_INFO = NO;
				MTL_FAST_MATH = YES;
				SDKROOT = iphoneos;
				SWIFT_COMPILATION_MODE = wholemodule;
				SWIFT_OPTIMIZATION_LEVEL = "-O";
				VALIDATE_PRODUCT = YES;
			};
			name = Release;
		};
		D8A992E328BD816200ADF8E7 /* Debug */ = {
			isa = XCBuildConfiguration;
			buildSettings = {
				ASSETCATALOG_COMPILER_APPICON_NAME = AppIcon;
				ASSETCATALOG_COMPILER_GLOBAL_ACCENT_COLOR_NAME = AccentColor;
				CODE_SIGN_STYLE = Automatic;
				CURRENT_PROJECT_VERSION = 1;
				DEVELOPMENT_TEAM = 6G92VRW3DL;
				GENERATE_INFOPLIST_FILE = YES;
				INFOPLIST_FILE = "iOS7-HW12/Info.plist";
				INFOPLIST_KEY_UIApplicationSupportsIndirectInputEvents = YES;
				INFOPLIST_KEY_UILaunchStoryboardName = Sources/Storyboards/LaunchScreen;
				INFOPLIST_KEY_UIMainStoryboardFile = Main;
				INFOPLIST_KEY_UISupportedInterfaceOrientations_iPad = "UIInterfaceOrientationPortrait UIInterfaceOrientationPortraitUpsideDown UIInterfaceOrientationLandscapeLeft UIInterfaceOrientationLandscapeRight";
				INFOPLIST_KEY_UISupportedInterfaceOrientations_iPhone = "UIInterfaceOrientationPortrait UIInterfaceOrientationLandscapeLeft UIInterfaceOrientationLandscapeRight";
				IPHONEOS_DEPLOYMENT_TARGET = 15.2;
				LD_RUNPATH_SEARCH_PATHS = (
					"$(inherited)",
					"@executable_path/Frameworks",
				);
				MARKETING_VERSION = 1.0;
				PRODUCT_BUNDLE_IDENTIFIER = "com.my.iOS7-HW12";
				PRODUCT_NAME = "$(TARGET_NAME)";
				SWIFT_EMIT_LOC_STRINGS = YES;
				SWIFT_VERSION = 5.0;
				TARGETED_DEVICE_FAMILY = "1,2";
			};
			name = Debug;
		};
		D8A992E428BD816200ADF8E7 /* Release */ = {
			isa = XCBuildConfiguration;
			buildSettings = {
				ASSETCATALOG_COMPILER_APPICON_NAME = AppIcon;
				ASSETCATALOG_COMPILER_GLOBAL_ACCENT_COLOR_NAME = AccentColor;
				CODE_SIGN_STYLE = Automatic;
				CURRENT_PROJECT_VERSION = 1;
				DEVELOPMENT_TEAM = 6G92VRW3DL;
				GENERATE_INFOPLIST_FILE = YES;
				INFOPLIST_FILE = "iOS7-HW12/Info.plist";
				INFOPLIST_KEY_UIApplicationSupportsIndirectInputEvents = YES;
				INFOPLIST_KEY_UILaunchStoryboardName = Sources/Storyboards/LaunchScreen;
				INFOPLIST_KEY_UIMainStoryboardFile = Main;
				INFOPLIST_KEY_UISupportedInterfaceOrientations_iPad = "UIInterfaceOrientationPortrait UIInterfaceOrientationPortraitUpsideDown UIInterfaceOrientationLandscapeLeft UIInterfaceOrientationLandscapeRight";
				INFOPLIST_KEY_UISupportedInterfaceOrientations_iPhone = "UIInterfaceOrientationPortrait UIInterfaceOrientationLandscapeLeft UIInterfaceOrientationLandscapeRight";
				IPHONEOS_DEPLOYMENT_TARGET = 15.2;
				LD_RUNPATH_SEARCH_PATHS = (
					"$(inherited)",
					"@executable_path/Frameworks",
				);
				MARKETING_VERSION = 1.0;
				PRODUCT_BUNDLE_IDENTIFIER = "com.my.iOS7-HW12";
				PRODUCT_NAME = "$(TARGET_NAME)";
				SWIFT_EMIT_LOC_STRINGS = YES;
				SWIFT_VERSION = 5.0;
				TARGETED_DEVICE_FAMILY = "1,2";
			};
			name = Release;
		};
/* End XCBuildConfiguration section */

/* Begin XCConfigurationList section */
		D8A992C928BD816000ADF8E7 /* Build configuration list for PBXProject "iOS7-HW12" */ = {
			isa = XCConfigurationList;
			buildConfigurations = (
				D8A992E028BD816200ADF8E7 /* Debug */,
				D8A992E128BD816200ADF8E7 /* Release */,
			);
			defaultConfigurationIsVisible = 0;
			defaultConfigurationName = Release;
		};
		D8A992E228BD816200ADF8E7 /* Build configuration list for PBXNativeTarget "iOS7-HW12" */ = {
			isa = XCConfigurationList;
			buildConfigurations = (
				D8A992E328BD816200ADF8E7 /* Debug */,
				D8A992E428BD816200ADF8E7 /* Release */,
			);
			defaultConfigurationIsVisible = 0;
			defaultConfigurationName = Release;
		};
/* End XCConfigurationList section */

/* Begin XCRemoteSwiftPackageReference section */
		D8A992EA28BD84C300ADF8E7 /* XCRemoteSwiftPackageReference "SnapKit" */ = {
			isa = XCRemoteSwiftPackageReference;
			repositoryURL = "https://github.com/SnapKit/SnapKit.git";
			requirement = {
				kind = upToNextMajorVersion;
				minimumVersion = 5.0.0;
			};
		};
/* End XCRemoteSwiftPackageReference section */

/* Begin XCSwiftPackageProductDependency section */
		D8A992EB28BD84C300ADF8E7 /* SnapKit */ = {
			isa = XCSwiftPackageProductDependency;
			package = D8A992EA28BD84C300ADF8E7 /* XCRemoteSwiftPackageReference "SnapKit" */;
			productName = SnapKit;
		};
/* End XCSwiftPackageProductDependency section */
	};
	rootObject = D8A992C628BD816000ADF8E7 /* Project object */;
}
